
Microsoft Visual Studio Solution File, Format Version 12.00
# Visual Studio 15
VisualStudioVersion = 15.0.28307.902
MinimumVisualStudioVersion = 10.0.40219.1
Project("{8BC9CEB8-8B4A-11D0-8D11-00A0C91BC942}") = "MemoryAllocator", "MemoryAllocator\MemoryAllocator.vcxproj", "{C1C5A740-F998-4E9E-88A2-9FC09212D9CD}"
EndProject
Project("{8BC9CEB8-8B4A-11D0-8D11-00A0C91BC942}") = "UnitTest", "UnitTest\UnitTest.vcxproj", "{EE46CB0B-36CE-477E-9349-4EEFCEC167F1}"
EndProject
Project("{8BC9CEB8-8B4A-11D0-8D11-00A0C91BC942}") = "MemoryVisualizer", "MemoryVisualizer\MemoryVisualizer.vcxproj", "{42569861-3A18-4B4C-B806-8BF6B082D4BA}"
EndProject
Project("{8BC9CEB8-8B4A-11D0-8D11-00A0C91BC942}") = "Lib", "Lib\Lib.vcxproj", "{0CF7E4CF-6822-470A-842A-5E3BA26E9922}"
EndProject
Global
	GlobalSection(SolutionConfigurationPlatforms) = preSolution
		Debug|x64 = Debug|x64
		Debug|x86 = Debug|x86
		Release|x64 = Release|x64
		Release|x86 = Release|x86
		Test|x64 = Test|x64
		Test|x86 = Test|x86
		VisualDebug|x64 = VisualDebug|x64
		VisualDebug|x86 = VisualDebug|x86
	EndGlobalSection
	GlobalSection(ProjectConfigurationPlatforms) = postSolution
		{C1C5A740-F998-4E9E-88A2-9FC09212D9CD}.Debug|x64.ActiveCfg = Debug|x64
		{C1C5A740-F998-4E9E-88A2-9FC09212D9CD}.Debug|x64.Build.0 = Debug|x64
		{C1C5A740-F998-4E9E-88A2-9FC09212D9CD}.Debug|x86.ActiveCfg = Debug|Win32
		{C1C5A740-F998-4E9E-88A2-9FC09212D9CD}.Debug|x86.Build.0 = Debug|Win32
		{C1C5A740-F998-4E9E-88A2-9FC09212D9CD}.Release|x64.ActiveCfg = Release|x64
		{C1C5A740-F998-4E9E-88A2-9FC09212D9CD}.Release|x64.Build.0 = Release|x64
		{C1C5A740-F998-4E9E-88A2-9FC09212D9CD}.Release|x86.ActiveCfg = Release|Win32
		{C1C5A740-F998-4E9E-88A2-9FC09212D9CD}.Release|x86.Build.0 = Release|Win32
		{C1C5A740-F998-4E9E-88A2-9FC09212D9CD}.Test|x64.ActiveCfg = Test|x64
		{C1C5A740-F998-4E9E-88A2-9FC09212D9CD}.Test|x64.Build.0 = Test|x64
		{C1C5A740-F998-4E9E-88A2-9FC09212D9CD}.Test|x86.ActiveCfg = Test|Win32
		{C1C5A740-F998-4E9E-88A2-9FC09212D9CD}.Test|x86.Build.0 = Test|Win32
		{C1C5A740-F998-4E9E-88A2-9FC09212D9CD}.VisualDebug|x64.ActiveCfg = VisualDebug|x64
		{C1C5A740-F998-4E9E-88A2-9FC09212D9CD}.VisualDebug|x64.Build.0 = VisualDebug|x64
		{C1C5A740-F998-4E9E-88A2-9FC09212D9CD}.VisualDebug|x86.ActiveCfg = VisualDebug|Win32
		{C1C5A740-F998-4E9E-88A2-9FC09212D9CD}.VisualDebug|x86.Build.0 = VisualDebug|Win32
		{EE46CB0B-36CE-477E-9349-4EEFCEC167F1}.Debug|x64.ActiveCfg = Debug|x64
		{EE46CB0B-36CE-477E-9349-4EEFCEC167F1}.Debug|x86.ActiveCfg = Debug|Win32
		{EE46CB0B-36CE-477E-9349-4EEFCEC167F1}.Debug|x86.Build.0 = Debug|Win32
		{EE46CB0B-36CE-477E-9349-4EEFCEC167F1}.Release|x64.ActiveCfg = Release|x64
		{EE46CB0B-36CE-477E-9349-4EEFCEC167F1}.Release|x86.ActiveCfg = Release|Win32
		{EE46CB0B-36CE-477E-9349-4EEFCEC167F1}.Release|x86.Build.0 = Release|Win32
		{EE46CB0B-36CE-477E-9349-4EEFCEC167F1}.Test|x64.ActiveCfg = Test|x64
		{EE46CB0B-36CE-477E-9349-4EEFCEC167F1}.Test|x64.Build.0 = Test|x64
		{EE46CB0B-36CE-477E-9349-4EEFCEC167F1}.Test|x86.ActiveCfg = Release|Win32
		{EE46CB0B-36CE-477E-9349-4EEFCEC167F1}.Test|x86.Build.0 = Release|Win32
		{EE46CB0B-36CE-477E-9349-4EEFCEC167F1}.VisualDebug|x64.ActiveCfg = VisualDebug|x64
		{EE46CB0B-36CE-477E-9349-4EEFCEC167F1}.VisualDebug|x86.ActiveCfg = VisualDebug|Win32
		{42569861-3A18-4B4C-B806-8BF6B082D4BA}.Debug|x64.ActiveCfg = Debug|x64
		{42569861-3A18-4B4C-B806-8BF6B082D4BA}.Debug|x64.Build.0 = Debug|x64
		{42569861-3A18-4B4C-B806-8BF6B082D4BA}.Debug|x86.ActiveCfg = Debug|Win32
		{42569861-3A18-4B4C-B806-8BF6B082D4BA}.Debug|x86.Build.0 = Debug|Win32
		{42569861-3A18-4B4C-B806-8BF6B082D4BA}.Release|x64.ActiveCfg = Release|x64
		{42569861-3A18-4B4C-B806-8BF6B082D4BA}.Release|x64.Build.0 = Release|x64
		{42569861-3A18-4B4C-B806-8BF6B082D4BA}.Release|x86.ActiveCfg = Release|Win32
		{42569861-3A18-4B4C-B806-8BF6B082D4BA}.Release|x86.Build.0 = Release|Win32
		{42569861-3A18-4B4C-B806-8BF6B082D4BA}.Test|x64.ActiveCfg = Release|x64
		{42569861-3A18-4B4C-B806-8BF6B082D4BA}.Test|x86.ActiveCfg = Release|Win32
		{42569861-3A18-4B4C-B806-8BF6B082D4BA}.Test|x86.Build.0 = Release|Win32
		{42569861-3A18-4B4C-B806-8BF6B082D4BA}.VisualDebug|x64.ActiveCfg = VisualDebug|x64
		{42569861-3A18-4B4C-B806-8BF6B082D4BA}.VisualDebug|x64.Build.0 = VisualDebug|x64
		{42569861-3A18-4B4C-B806-8BF6B082D4BA}.VisualDebug|x86.ActiveCfg = VisualDebug|Win32
		{42569861-3A18-4B4C-B806-8BF6B082D4BA}.VisualDebug|x86.Build.0 = VisualDebug|Win32
		{0CF7E4CF-6822-470A-842A-5E3BA26E9922}.Debug|x64.ActiveCfg = Debug|x64
		{0CF7E4CF-6822-470A-842A-5E3BA26E9922}.Debug|x64.Build.0 = Debug|x64
		{0CF7E4CF-6822-470A-842A-5E3BA26E9922}.Debug|x86.ActiveCfg = Debug|Win32
		{0CF7E4CF-6822-470A-842A-5E3BA26E9922}.Debug|x86.Build.0 = Debug|Win32
		{0CF7E4CF-6822-470A-842A-5E3BA26E9922}.Release|x64.ActiveCfg = Release|x64
		{0CF7E4CF-6822-470A-842A-5E3BA26E9922}.Release|x64.Build.0 = Release|x64
		{0CF7E4CF-6822-470A-842A-5E3BA26E9922}.Release|x86.ActiveCfg = Release|Win32
		{0CF7E4CF-6822-470A-842A-5E3BA26E9922}.Release|x86.Build.0 = Release|Win32
		{0CF7E4CF-6822-470A-842A-5E3BA26E9922}.Test|x64.ActiveCfg = Release|x64
		{0CF7E4CF-6822-470A-842A-5E3BA26E9922}.Test|x64.Build.0 = Release|x64
		{0CF7E4CF-6822-470A-842A-5E3BA26E9922}.Test|x86.ActiveCfg = Release|Win32
		{0CF7E4CF-6822-470A-842A-5E3BA26E9922}.Test|x86.Build.0 = Release|Win32
		{0CF7E4CF-6822-470A-842A-5E3BA26E9922}.VisualDebug|x64.ActiveCfg = Debug|x64
		{0CF7E4CF-6822-470A-842A-5E3BA26E9922}.VisualDebug|x64.Build.0 = Debug|x64
		{0CF7E4CF-6822-470A-842A-5E3BA26E9922}.VisualDebug|x86.ActiveCfg = Debug|Win32
		{0CF7E4CF-6822-470A-842A-5E3BA26E9922}.VisualDebug|x86.Build.0 = Debug|Win32
	EndGlobalSection
	GlobalSection(SolutionProperties) = preSolution
		HideSolutionNode = FALSE
	EndGlobalSection
	GlobalSection(ExtensibilityGlobals) = postSolution
		SolutionGuid = {768DCA2B-3349-4887-859E-4D1CB273CD3F}
	EndGlobalSection
EndGlobal
